// !$*UTF8*$!
{
	archiveVersion = 1;
	classes = {
	};
	objectVersion = 56;
	objects = {

/* Begin PBXBuildFile section */
		2B21355B2B9BB9B60042BC45 /* AppDelegate.swift in Sources */ = {isa = PBXBuildFile; fileRef = 2B21355A2B9BB9B60042BC45 /* AppDelegate.swift */; };
		2B21355D2B9BB9B60042BC45 /* SceneDelegate.swift in Sources */ = {isa = PBXBuildFile; fileRef = 2B21355C2B9BB9B60042BC45 /* SceneDelegate.swift */; };
		2B2135642B9BB9B70042BC45 /* Assets.xcassets in Resources */ = {isa = PBXBuildFile; fileRef = 2B2135632B9BB9B70042BC45 /* Assets.xcassets */; };
		2B2135672B9BB9B70042BC45 /* LaunchScreen.storyboard in Resources */ = {isa = PBXBuildFile; fileRef = 2B2135652B9BB9B70042BC45 /* LaunchScreen.storyboard */; };
		2B21356F2B9BB9E20042BC45 /* HomeViewController.swift in Sources */ = {isa = PBXBuildFile; fileRef = 2B21356E2B9BB9E20042BC45 /* HomeViewController.swift */; };
		2B2135722B9BBEF90042BC45 /* Constants.swift in Sources */ = {isa = PBXBuildFile; fileRef = 2B2135712B9BBEF90042BC45 /* Constants.swift */; };
		2B2135772B9BBF860042BC45 /* CustomTextField.swift in Sources */ = {isa = PBXBuildFile; fileRef = 2B2135762B9BBF860042BC45 /* CustomTextField.swift */; };
		2B2135792B9BC0970042BC45 /* CustomSearchBar.swift in Sources */ = {isa = PBXBuildFile; fileRef = 2B2135782B9BC0970042BC45 /* CustomSearchBar.swift */; };
		2B21357C2B9BC1EF0042BC45 /* UIView+Ext.swift in Sources */ = {isa = PBXBuildFile; fileRef = 2B21357B2B9BC1EF0042BC45 /* UIView+Ext.swift */; };
		2B21357F2B9BCB010042BC45 /* NetworkManager.swift in Sources */ = {isa = PBXBuildFile; fileRef = 2B21357E2B9BCB010042BC45 /* NetworkManager.swift */; };
		2B2135822B9BCD260042BC45 /* Crypto.swift in Sources */ = {isa = PBXBuildFile; fileRef = 2B2135812B9BCD260042BC45 /* Crypto.swift */; };
		2B2135842B9BCEE20042BC45 /* CryptoErrors.swift in Sources */ = {isa = PBXBuildFile; fileRef = 2B2135832B9BCEE20042BC45 /* CryptoErrors.swift */; };
		2B2135872B9BD16D0042BC45 /* CryptoCell.swift in Sources */ = {isa = PBXBuildFile; fileRef = 2B2135862B9BD16D0042BC45 /* CryptoCell.swift */; };
		2B242E392B9DF36E006A1EB8 /* SortView.swift in Sources */ = {isa = PBXBuildFile; fileRef = 2B242E382B9DF36E006A1EB8 /* SortView.swift */; };
		2B242E3B2B9DFF12006A1EB8 /* SortParameterView.swift in Sources */ = {isa = PBXBuildFile; fileRef = 2B242E3A2B9DFF12006A1EB8 /* SortParameterView.swift */; };
		2B662F442B9D301A00354010 /* Double+Ext.swift in Sources */ = {isa = PBXBuildFile; fileRef = 2B662F432B9D301A00354010 /* Double+Ext.swift */; };
		2BEB2D4D2BA3311A0045BB58 /* HomeViewModel.swift in Sources */ = {isa = PBXBuildFile; fileRef = 2BEB2D4C2BA3311A0045BB58 /* HomeViewModel.swift */; };
/* End PBXBuildFile section */

/* Begin PBXFileReference section */
		2B2135572B9BB9B60042BC45 /* BinanceClone.app */ = {isa = PBXFileReference; explicitFileType = wrapper.application; includeInIndex = 0; path = BinanceClone.app; sourceTree = BUILT_PRODUCTS_DIR; };
		2B21355A2B9BB9B60042BC45 /* AppDelegate.swift */ = {isa = PBXFileReference; lastKnownFileType = sourcecode.swift; path = AppDelegate.swift; sourceTree = "<group>"; };
		2B21355C2B9BB9B60042BC45 /* SceneDelegate.swift */ = {isa = PBXFileReference; lastKnownFileType = sourcecode.swift; path = SceneDelegate.swift; sourceTree = "<group>"; };
		2B2135632B9BB9B70042BC45 /* Assets.xcassets */ = {isa = PBXFileReference; lastKnownFileType = folder.assetcatalog; path = Assets.xcassets; sourceTree = "<group>"; };
		2B2135662B9BB9B70042BC45 /* Base */ = {isa = PBXFileReference; lastKnownFileType = file.storyboard; name = Base; path = Base.lproj/LaunchScreen.storyboard; sourceTree = "<group>"; };
		2B2135682B9BB9B70042BC45 /* Info.plist */ = {isa = PBXFileReference; lastKnownFileType = text.plist.xml; path = Info.plist; sourceTree = "<group>"; };
		2B21356E2B9BB9E20042BC45 /* HomeViewController.swift */ = {isa = PBXFileReference; lastKnownFileType = sourcecode.swift; path = HomeViewController.swift; sourceTree = "<group>"; };
		2B2135712B9BBEF90042BC45 /* Constants.swift */ = {isa = PBXFileReference; lastKnownFileType = sourcecode.swift; path = Constants.swift; sourceTree = "<group>"; };
		2B2135762B9BBF860042BC45 /* CustomTextField.swift */ = {isa = PBXFileReference; lastKnownFileType = sourcecode.swift; path = CustomTextField.swift; sourceTree = "<group>"; };
		2B2135782B9BC0970042BC45 /* CustomSearchBar.swift */ = {isa = PBXFileReference; lastKnownFileType = sourcecode.swift; path = CustomSearchBar.swift; sourceTree = "<group>"; };
		2B21357B2B9BC1EF0042BC45 /* UIView+Ext.swift */ = {isa = PBXFileReference; lastKnownFileType = sourcecode.swift; path = "UIView+Ext.swift"; sourceTree = "<group>"; };
		2B21357E2B9BCB010042BC45 /* NetworkManager.swift */ = {isa = PBXFileReference; lastKnownFileType = sourcecode.swift; path = NetworkManager.swift; sourceTree = "<group>"; };
		2B2135812B9BCD260042BC45 /* Crypto.swift */ = {isa = PBXFileReference; lastKnownFileType = sourcecode.swift; path = Crypto.swift; sourceTree = "<group>"; };
		2B2135832B9BCEE20042BC45 /* CryptoErrors.swift */ = {isa = PBXFileReference; lastKnownFileType = sourcecode.swift; path = CryptoErrors.swift; sourceTree = "<group>"; };
		2B2135862B9BD16D0042BC45 /* CryptoCell.swift */ = {isa = PBXFileReference; lastKnownFileType = sourcecode.swift; path = CryptoCell.swift; sourceTree = "<group>"; };
		2B242E382B9DF36E006A1EB8 /* SortView.swift */ = {isa = PBXFileReference; lastKnownFileType = sourcecode.swift; path = SortView.swift; sourceTree = "<group>"; };
		2B242E3A2B9DFF12006A1EB8 /* SortParameterView.swift */ = {isa = PBXFileReference; lastKnownFileType = sourcecode.swift; path = SortParameterView.swift; sourceTree = "<group>"; };
		2B662F432B9D301A00354010 /* Double+Ext.swift */ = {isa = PBXFileReference; lastKnownFileType = sourcecode.swift; path = "Double+Ext.swift"; sourceTree = "<group>"; };
		2BEB2D4C2BA3311A0045BB58 /* HomeViewModel.swift */ = {isa = PBXFileReference; lastKnownFileType = sourcecode.swift; path = HomeViewModel.swift; sourceTree = "<group>"; };
/* End PBXFileReference section */

/* Begin PBXFrameworksBuildPhase section */
		2B2135542B9BB9B60042BC45 /* Frameworks */ = {
			isa = PBXFrameworksBuildPhase;
			buildActionMask = 2147483647;
			files = (
			);
			runOnlyForDeploymentPostprocessing = 0;
		};
/* End PBXFrameworksBuildPhase section */

/* Begin PBXGroup section */
		2B21354E2B9BB9B60042BC45 = {
			isa = PBXGroup;
			children = (
				2B2135592B9BB9B60042BC45 /* BinanceClone */,
				2B2135582B9BB9B60042BC45 /* Products */,
			);
			sourceTree = "<group>";
		};
		2B2135582B9BB9B60042BC45 /* Products */ = {
			isa = PBXGroup;
			children = (
				2B2135572B9BB9B60042BC45 /* BinanceClone.app */,
			);
			name = Products;
			sourceTree = "<group>";
		};
		2B2135592B9BB9B60042BC45 /* BinanceClone */ = {
			isa = PBXGroup;
			children = (
				2BEB2D4B2BA3310F0045BB58 /* ViewModel */,
				2B2135802B9BCD1D0042BC45 /* Model */,
				2B21357D2B9BCAEE0042BC45 /* Managers */,
				2B21357A2B9BC1E40042BC45 /* Extentions */,
				2B2135752B9BBF570042BC45 /* ViewControllers */,
				2B2135742B9BBF4A0042BC45 /* Support */,
				2B2135732B9BBF430042BC45 /* Views */,
				2B2135702B9BBEEE0042BC45 /* Constants */,
				2B2135682B9BB9B70042BC45 /* Info.plist */,
			);
			path = BinanceClone;
			sourceTree = "<group>";
		};
		2B2135702B9BBEEE0042BC45 /* Constants */ = {
			isa = PBXGroup;
			children = (
				2B2135712B9BBEF90042BC45 /* Constants.swift */,
				2B2135832B9BCEE20042BC45 /* CryptoErrors.swift */,
			);
			path = Constants;
			sourceTree = "<group>";
		};
		2B2135732B9BBF430042BC45 /* Views */ = {
			isa = PBXGroup;
			children = (
				2B2135852B9BD14E0042BC45 /* Cells */,
				2B2135762B9BBF860042BC45 /* CustomTextField.swift */,
				2B2135782B9BC0970042BC45 /* CustomSearchBar.swift */,
				2B242E382B9DF36E006A1EB8 /* SortView.swift */,
				2B242E3A2B9DFF12006A1EB8 /* SortParameterView.swift */,
			);
			path = Views;
			sourceTree = "<group>";
		};
		2B2135742B9BBF4A0042BC45 /* Support */ = {
			isa = PBXGroup;
			children = (
				2B21355A2B9BB9B60042BC45 /* AppDelegate.swift */,
				2B21355C2B9BB9B60042BC45 /* SceneDelegate.swift */,
				2B2135632B9BB9B70042BC45 /* Assets.xcassets */,
				2B2135652B9BB9B70042BC45 /* LaunchScreen.storyboard */,
			);
			path = Support;
			sourceTree = "<group>";
		};
		2B2135752B9BBF570042BC45 /* ViewControllers */ = {
			isa = PBXGroup;
			children = (
				2B21356E2B9BB9E20042BC45 /* HomeViewController.swift */,
			);
			path = ViewControllers;
			sourceTree = "<group>";
		};
		2B21357A2B9BC1E40042BC45 /* Extentions */ = {
			isa = PBXGroup;
			children = (
				2B21357B2B9BC1EF0042BC45 /* UIView+Ext.swift */,
				2B662F432B9D301A00354010 /* Double+Ext.swift */,
			);
			path = Extentions;
			sourceTree = "<group>";
		};
		2B21357D2B9BCAEE0042BC45 /* Managers */ = {
			isa = PBXGroup;
			children = (
				2B21357E2B9BCB010042BC45 /* NetworkManager.swift */,
			);
			path = Managers;
			sourceTree = "<group>";
		};
		2B2135802B9BCD1D0042BC45 /* Model */ = {
			isa = PBXGroup;
			children = (
				2B2135812B9BCD260042BC45 /* Crypto.swift */,
			);
			path = Model;
			sourceTree = "<group>";
		};
		2B2135852B9BD14E0042BC45 /* Cells */ = {
			isa = PBXGroup;
			children = (
				2B2135862B9BD16D0042BC45 /* CryptoCell.swift */,
			);
			path = Cells;
			sourceTree = "<group>";
		};
		2BEB2D4B2BA3310F0045BB58 /* ViewModel */ = {
			isa = PBXGroup;
			children = (
				2BEB2D4C2BA3311A0045BB58 /* HomeViewModel.swift */,
			);
			path = ViewModel;
			sourceTree = "<group>";
		};
/* End PBXGroup section */

/* Begin PBXNativeTarget section */
		2B2135562B9BB9B60042BC45 /* BinanceClone */ = {
			isa = PBXNativeTarget;
			buildConfigurationList = 2B21356B2B9BB9B70042BC45 /* Build configuration list for PBXNativeTarget "BinanceClone" */;
			buildPhases = (
				2B2135532B9BB9B60042BC45 /* Sources */,
				2B2135542B9BB9B60042BC45 /* Frameworks */,
				2B2135552B9BB9B60042BC45 /* Resources */,
			);
			buildRules = (
			);
			dependencies = (
			);
			name = BinanceClone;
			packageProductDependencies = (
			);
			productName = BinanceClone;
			productReference = 2B2135572B9BB9B60042BC45 /* BinanceClone.app */;
			productType = "com.apple.product-type.application";
		};
/* End PBXNativeTarget section */

/* Begin PBXProject section */
		2B21354F2B9BB9B60042BC45 /* Project object */ = {
			isa = PBXProject;
			attributes = {
				BuildIndependentTargetsInParallel = 1;
				LastSwiftUpdateCheck = 1520;
				LastUpgradeCheck = 1520;
				TargetAttributes = {
					2B2135562B9BB9B60042BC45 = {
						CreatedOnToolsVersion = 15.2;
					};
				};
			};
			buildConfigurationList = 2B2135522B9BB9B60042BC45 /* Build configuration list for PBXProject "BinanceClone" */;
			compatibilityVersion = "Xcode 14.0";
			developmentRegion = en;
			hasScannedForEncodings = 0;
			knownRegions = (
				en,
				Base,
			);
			mainGroup = 2B21354E2B9BB9B60042BC45;
			packageReferences = (
			);
			productRefGroup = 2B2135582B9BB9B60042BC45 /* Products */;
			projectDirPath = "";
			projectRoot = "";
			targets = (
				2B2135562B9BB9B60042BC45 /* BinanceClone */,
			);
		};
/* End PBXProject section */

/* Begin PBXResourcesBuildPhase section */
		2B2135552B9BB9B60042BC45 /* Resources */ = {
			isa = PBXResourcesBuildPhase;
			buildActionMask = 2147483647;
			files = (
				2B2135672B9BB9B70042BC45 /* LaunchScreen.storyboard in Resources */,
				2B2135642B9BB9B70042BC45 /* Assets.xcassets in Resources */,
			);
			runOnlyForDeploymentPostprocessing = 0;
		};
/* End PBXResourcesBuildPhase section */

/* Begin PBXSourcesBuildPhase section */
		2B2135532B9BB9B60042BC45 /* Sources */ = {
			isa = PBXSourcesBuildPhase;
			buildActionMask = 2147483647;
			files = (
				2B242E392B9DF36E006A1EB8 /* SortView.swift in Sources */,
				2B21355B2B9BB9B60042BC45 /* AppDelegate.swift in Sources */,
				2B2135842B9BCEE20042BC45 /* CryptoErrors.swift in Sources */,
				2B662F442B9D301A00354010 /* Double+Ext.swift in Sources */,
				2B21355D2B9BB9B60042BC45 /* SceneDelegate.swift in Sources */,
				2B2135792B9BC0970042BC45 /* CustomSearchBar.swift in Sources */,
				2B2135822B9BCD260042BC45 /* Crypto.swift in Sources */,
				2B21356F2B9BB9E20042BC45 /* HomeViewController.swift in Sources */,
				2B2135872B9BD16D0042BC45 /* CryptoCell.swift in Sources */,
				2B21357F2B9BCB010042BC45 /* NetworkManager.swift in Sources */,
				2B21357C2B9BC1EF0042BC45 /* UIView+Ext.swift in Sources */,
				2B2135722B9BBEF90042BC45 /* Constants.swift in Sources */,
				2B242E3B2B9DFF12006A1EB8 /* SortParameterView.swift in Sources */,
				2BEB2D4D2BA3311A0045BB58 /* HomeViewModel.swift in Sources */,
				2B2135772B9BBF860042BC45 /* CustomTextField.swift in Sources */,
			);
			runOnlyForDeploymentPostprocessing = 0;
		};
/* End PBXSourcesBuildPhase section */

/* Begin PBXVariantGroup section */
		2B2135652B9BB9B70042BC45 /* LaunchScreen.storyboard */ = {
			isa = PBXVariantGroup;
			children = (
				2B2135662B9BB9B70042BC45 /* Base */,
			);
			name = LaunchScreen.storyboard;
			sourceTree = "<group>";
		};
/* End PBXVariantGroup section */

/* Begin XCBuildConfiguration section */
		2B2135692B9BB9B70042BC45 /* Debug */ = {
			isa = XCBuildConfiguration;
			buildSettings = {
				ALWAYS_SEARCH_USER_PATHS = NO;
				ASSETCATALOG_COMPILER_GENERATE_SWIFT_ASSET_SYMBOL_EXTENSIONS = YES;
				CLANG_ANALYZER_NONNULL = YES;
				CLANG_ANALYZER_NUMBER_OBJECT_CONVERSION = YES_AGGRESSIVE;
				CLANG_CXX_LANGUAGE_STANDARD = "gnu++20";
				CLANG_ENABLE_MODULES = YES;
				CLANG_ENABLE_OBJC_ARC = YES;
				CLANG_ENABLE_OBJC_WEAK = YES;
				CLANG_WARN_BLOCK_CAPTURE_AUTORELEASING = YES;
				CLANG_WARN_BOOL_CONVERSION = YES;
				CLANG_WARN_COMMA = YES;
				CLANG_WARN_CONSTANT_CONVERSION = YES;
				CLANG_WARN_DEPRECATED_OBJC_IMPLEMENTATIONS = YES;
				CLANG_WARN_DIRECT_OBJC_ISA_USAGE = YES_ERROR;
				CLANG_WARN_DOCUMENTATION_COMMENTS = YES;
				CLANG_WARN_EMPTY_BODY = YES;
				CLANG_WARN_ENUM_CONVERSION = YES;
				CLANG_WARN_INFINITE_RECURSION = YES;
				CLANG_WARN_INT_CONVERSION = YES;
				CLANG_WARN_NON_LITERAL_NULL_CONVERSION = YES;
				CLANG_WARN_OBJC_IMPLICIT_RETAIN_SELF = YES;
				CLANG_WARN_OBJC_LITERAL_CONVERSION = YES;
				CLANG_WARN_OBJC_ROOT_CLASS = YES_ERROR;
				CLANG_WARN_QUOTED_INCLUDE_IN_FRAMEWORK_HEADER = YES;
				CLANG_WARN_RANGE_LOOP_ANALYSIS = YES;
				CLANG_WARN_STRICT_PROTOTYPES = YES;
				CLANG_WARN_SUSPICIOUS_MOVE = YES;
				CLANG_WARN_UNGUARDED_AVAILABILITY = YES_AGGRESSIVE;
				CLANG_WARN_UNREACHABLE_CODE = YES;
				CLANG_WARN__DUPLICATE_METHOD_MATCH = YES;
				COPY_PHASE_STRIP = NO;
				DEBUG_INFORMATION_FORMAT = dwarf;
				ENABLE_STRICT_OBJC_MSGSEND = YES;
				ENABLE_TESTABILITY = YES;
				ENABLE_USER_SCRIPT_SANDBOXING = YES;
				GCC_C_LANGUAGE_STANDARD = gnu17;
				GCC_DYNAMIC_NO_PIC = NO;
				GCC_NO_COMMON_BLOCKS = YES;
				GCC_OPTIMIZATION_LEVEL = 0;
				GCC_PREPROCESSOR_DEFINITIONS = (
					"DEBUG=1",
					"$(inherited)",
				);
				GCC_WARN_64_TO_32_BIT_CONVERSION = YES;
				GCC_WARN_ABOUT_RETURN_TYPE = YES_ERROR;
				GCC_WARN_UNDECLARED_SELECTOR = YES;
				GCC_WARN_UNINITIALIZED_AUTOS = YES_AGGRESSIVE;
				GCC_WARN_UNUSED_FUNCTION = YES;
				GCC_WARN_UNUSED_VARIABLE = YES;
				IPHONEOS_DEPLOYMENT_TARGET = 17.2;
				LOCALIZATION_PREFERS_STRING_CATALOGS = YES;
				MTL_ENABLE_DEBUG_INFO = INCLUDE_SOURCE;
				MTL_FAST_MATH = YES;
				ONLY_ACTIVE_ARCH = YES;
				SDKROOT = iphoneos;
				SWIFT_ACTIVE_COMPILATION_CONDITIONS = "DEBUG $(inherited)";
				SWIFT_OPTIMIZATION_LEVEL = "-Onone";
			};
			name = Debug;
		};
		2B21356A2B9BB9B70042BC45 /* Release */ = {
			isa = XCBuildConfiguration;
			buildSettings = {
				ALWAYS_SEARCH_USER_PATHS = NO;
				ASSETCATALOG_COMPILER_GENERATE_SWIFT_ASSET_SYMBOL_EXTENSIONS = YES;
				CLANG_ANALYZER_NONNULL = YES;
				CLANG_ANALYZER_NUMBER_OBJECT_CONVERSION = YES_AGGRESSIVE;
				CLANG_CXX_LANGUAGE_STANDARD = "gnu++20";
				CLANG_ENABLE_MODULES = YES;
				CLANG_ENABLE_OBJC_ARC = YES;
				CLANG_ENABLE_OBJC_WEAK = YES;
				CLANG_WARN_BLOCK_CAPTURE_AUTORELEASING = YES;
				CLANG_WARN_BOOL_CONVERSION = YES;
				CLANG_WARN_COMMA = YES;
				CLANG_WARN_CONSTANT_CONVERSION = YES;
				CLANG_WARN_DEPRECATED_OBJC_IMPLEMENTATIONS = YES;
				CLANG_WARN_DIRECT_OBJC_ISA_USAGE = YES_ERROR;
				CLANG_WARN_DOCUMENTATION_COMMENTS = YES;
				CLANG_WARN_EMPTY_BODY = YES;
				CLANG_WARN_ENUM_CONVERSION = YES;
				CLANG_WARN_INFINITE_RECURSION = YES;
				CLANG_WARN_INT_CONVERSION = YES;
				CLANG_WARN_NON_LITERAL_NULL_CONVERSION = YES;
				CLANG_WARN_OBJC_IMPLICIT_RETAIN_SELF = YES;
				CLANG_WARN_OBJC_LITERAL_CONVERSION = YES;
				CLANG_WARN_OBJC_ROOT_CLASS = YES_ERROR;
				CLANG_WARN_QUOTED_INCLUDE_IN_FRAMEWORK_HEADER = YES;
				CLANG_WARN_RANGE_LOOP_ANALYSIS = YES;
				CLANG_WARN_STRICT_PROTOTYPES = YES;
				CLANG_WARN_SUSPICIOUS_MOVE = YES;
				CLANG_WARN_UNGUARDED_AVAILABILITY = YES_AGGRESSIVE;
				CLANG_WARN_UNREACHABLE_CODE = YES;
				CLANG_WARN__DUPLICATE_METHOD_MATCH = YES;
				COPY_PHASE_STRIP = NO;
				DEBUG_INFORMATION_FORMAT = "dwarf-with-dsym";
				ENABLE_NS_ASSERTIONS = NO;
				ENABLE_STRICT_OBJC_MSGSEND = YES;
				ENABLE_USER_SCRIPT_SANDBOXING = YES;
				GCC_C_LANGUAGE_STANDARD = gnu17;
				GCC_NO_COMMON_BLOCKS = YES;
				GCC_WARN_64_TO_32_BIT_CONVERSION = YES;
				GCC_WARN_ABOUT_RETURN_TYPE = YES_ERROR;
				GCC_WARN_UNDECLARED_SELECTOR = YES;
				GCC_WARN_UNINITIALIZED_AUTOS = YES_AGGRESSIVE;
				GCC_WARN_UNUSED_FUNCTION = YES;
				GCC_WARN_UNUSED_VARIABLE = YES;
				IPHONEOS_DEPLOYMENT_TARGET = 17.2;
				LOCALIZATION_PREFERS_STRING_CATALOGS = YES;
				MTL_ENABLE_DEBUG_INFO = NO;
				MTL_FAST_MATH = YES;
				SDKROOT = iphoneos;
				SWIFT_COMPILATION_MODE = wholemodule;
				VALIDATE_PRODUCT = YES;
			};
			name = Release;
		};
		2B21356C2B9BB9B70042BC45 /* Debug */ = {
			isa = XCBuildConfiguration;
			buildSettings = {
				ASSETCATALOG_COMPILER_APPICON_NAME = AppIcon;
				ASSETCATALOG_COMPILER_GLOBAL_ACCENT_COLOR_NAME = AccentColor;
				CODE_SIGN_STYLE = Automatic;
				CURRENT_PROJECT_VERSION = 1;
				DEVELOPMENT_TEAM = 82SGZFC8T3;
				GENERATE_INFOPLIST_FILE = YES;
				INFOPLIST_FILE = BinanceClone/Info.plist;
				INFOPLIST_KEY_UIApplicationSupportsIndirectInputEvents = YES;
				INFOPLIST_KEY_UILaunchStoryboardName = LaunchScreen;
				INFOPLIST_KEY_UISupportedInterfaceOrientations_iPad = "UIInterfaceOrientationPortrait UIInterfaceOrientationPortraitUpsideDown UIInterfaceOrientationLandscapeLeft UIInterfaceOrientationLandscapeRight";
				INFOPLIST_KEY_UISupportedInterfaceOrientations_iPhone = "UIInterfaceOrientationPortrait UIInterfaceOrientationLandscapeLeft UIInterfaceOrientationLandscapeRight";
				LD_RUNPATH_SEARCH_PATHS = (
					"$(inherited)",
					"@executable_path/Frameworks",
				);
				MARKETING_VERSION = 1.0;
				PRODUCT_BUNDLE_IDENTIFIER = salihgun.BinanceClone;
				PRODUCT_NAME = "$(TARGET_NAME)";
				SWIFT_EMIT_LOC_STRINGS = YES;
				SWIFT_VERSION = 5.0;
				TARGETED_DEVICE_FAMILY = "1,2";
			};
			name = Debug;
		};
		2B21356D2B9BB9B70042BC45 /* Release */ = {
			isa = XCBuildConfiguration;
			buildSettings = {
				ASSETCATALOG_COMPILER_APPICON_NAME = AppIcon;
				ASSETCATALOG_COMPILER_GLOBAL_ACCENT_COLOR_NAME = AccentColor;
				CODE_SIGN_STYLE = Automatic;
				CURRENT_PROJECT_VERSION = 1;
				DEVELOPMENT_TEAM = 82SGZFC8T3;
				GENERATE_INFOPLIST_FILE = YES;
				INFOPLIST_FILE = BinanceClone/Info.plist;
				INFOPLIST_KEY_UIApplicationSupportsIndirectInputEvents = YES;
				INFOPLIST_KEY_UILaunchStoryboardName = LaunchScreen;
				INFOPLIST_KEY_UISupportedInterfaceOrientations_iPad = "UIInterfaceOrientationPortrait UIInterfaceOrientationPortraitUpsideDown UIInterfaceOrientationLandscapeLeft UIInterfaceOrientationLandscapeRight";
				INFOPLIST_KEY_UISupportedInterfaceOrientations_iPhone = "UIInterfaceOrientationPortrait UIInterfaceOrientationLandscapeLeft UIInterfaceOrientationLandscapeRight";
				LD_RUNPATH_SEARCH_PATHS = (
					"$(inherited)",
					"@executable_path/Frameworks",
				);
				MARKETING_VERSION = 1.0;
				PRODUCT_BUNDLE_IDENTIFIER = salihgun.BinanceClone;
				PRODUCT_NAME = "$(TARGET_NAME)";
				SWIFT_EMIT_LOC_STRINGS = YES;
				SWIFT_VERSION = 5.0;
				TARGETED_DEVICE_FAMILY = "1,2";
			};
			name = Release;
		};
/* End XCBuildConfiguration section */

/* Begin XCConfigurationList section */
		2B2135522B9BB9B60042BC45 /* Build configuration list for PBXProject "BinanceClone" */ = {
			isa = XCConfigurationList;
			buildConfigurations = (
				2B2135692B9BB9B70042BC45 /* Debug */,
				2B21356A2B9BB9B70042BC45 /* Release */,
			);
			defaultConfigurationIsVisible = 0;
			defaultConfigurationName = Release;
		};
		2B21356B2B9BB9B70042BC45 /* Build configuration list for PBXNativeTarget "BinanceClone" */ = {
			isa = XCConfigurationList;
			buildConfigurations = (
				2B21356C2B9BB9B70042BC45 /* Debug */,
				2B21356D2B9BB9B70042BC45 /* Release */,
			);
			defaultConfigurationIsVisible = 0;
			defaultConfigurationName = Release;
		};
/* End XCConfigurationList section */
	};
	rootObject = 2B21354F2B9BB9B60042BC45 /* Project object */;
}
